// !$*UTF8*$!
{
	archiveVersion = 1;
	classes = {
	};
	objectVersion = 55;
	objects = {

/* Begin PBXBuildFile section */
		2CA2B70628A3C6F600ED9598 /* CoolBlueChallengeApp.swift in Sources */ = {isa = PBXBuildFile; fileRef = 2CA2B70528A3C6F600ED9598 /* CoolBlueChallengeApp.swift */; };
		2CA2B70828A3C6F600ED9598 /* ContentView.swift in Sources */ = {isa = PBXBuildFile; fileRef = 2CA2B70728A3C6F600ED9598 /* ContentView.swift */; };
		2CA2B70A28A3C6F700ED9598 /* Assets.xcassets in Resources */ = {isa = PBXBuildFile; fileRef = 2CA2B70928A3C6F700ED9598 /* Assets.xcassets */; };
		2CA2B70D28A3C6F700ED9598 /* Preview Assets.xcassets in Resources */ = {isa = PBXBuildFile; fileRef = 2CA2B70C28A3C6F700ED9598 /* Preview Assets.xcassets */; };
		2CA2B71728A3C6F800ED9598 /* CoolBlueChallengeTests.swift in Sources */ = {isa = PBXBuildFile; fileRef = 2CA2B71628A3C6F800ED9598 /* CoolBlueChallengeTests.swift */; };
		2CA2B72128A3C6F800ED9598 /* CoolBlueChallengeUITests.swift in Sources */ = {isa = PBXBuildFile; fileRef = 2CA2B72028A3C6F800ED9598 /* CoolBlueChallengeUITests.swift */; };
		2CA2B72328A3C6F800ED9598 /* CoolBlueChallengeUITestsLaunchTests.swift in Sources */ = {isa = PBXBuildFile; fileRef = 2CA2B72228A3C6F800ED9598 /* CoolBlueChallengeUITestsLaunchTests.swift */; };
		2CA2B73128A3CC3100ED9598 /* SDWebImageSwiftUI in Frameworks */ = {isa = PBXBuildFile; productRef = 2CA2B73028A3CC3100ED9598 /* SDWebImageSwiftUI */; };
		2CA2B73928A43C4D00ED9598 /* Double+Extension.swift in Sources */ = {isa = PBXBuildFile; fileRef = 2CA2B73828A43C4D00ED9598 /* Double+Extension.swift */; };
		2CA2B73B28A43CA800ED9598 /* Product.swift in Sources */ = {isa = PBXBuildFile; fileRef = 2CA2B73A28A43CA800ED9598 /* Product.swift */; };
		2CA2B74328A4415B00ED9598 /* ProductViewModel.swift in Sources */ = {isa = PBXBuildFile; fileRef = 2CA2B74228A4415B00ED9598 /* ProductViewModel.swift */; };
/* End PBXBuildFile section */

/* Begin PBXContainerItemProxy section */
		2CA2B71328A3C6F800ED9598 /* PBXContainerItemProxy */ = {
			isa = PBXContainerItemProxy;
			containerPortal = 2CA2B6FA28A3C6F600ED9598 /* Project object */;
			proxyType = 1;
			remoteGlobalIDString = 2CA2B70128A3C6F600ED9598;
			remoteInfo = CoolBlueChallenge;
		};
		2CA2B71D28A3C6F800ED9598 /* PBXContainerItemProxy */ = {
			isa = PBXContainerItemProxy;
			containerPortal = 2CA2B6FA28A3C6F600ED9598 /* Project object */;
			proxyType = 1;
			remoteGlobalIDString = 2CA2B70128A3C6F600ED9598;
			remoteInfo = CoolBlueChallenge;
		};
/* End PBXContainerItemProxy section */

/* Begin PBXFileReference section */
		2CA2B70228A3C6F600ED9598 /* CoolBlueChallenge.app */ = {isa = PBXFileReference; explicitFileType = wrapper.application; includeInIndex = 0; path = CoolBlueChallenge.app; sourceTree = BUILT_PRODUCTS_DIR; };
		2CA2B70528A3C6F600ED9598 /* CoolBlueChallengeApp.swift */ = {isa = PBXFileReference; lastKnownFileType = sourcecode.swift; path = CoolBlueChallengeApp.swift; sourceTree = "<group>"; };
		2CA2B70728A3C6F600ED9598 /* ContentView.swift */ = {isa = PBXFileReference; lastKnownFileType = sourcecode.swift; path = ContentView.swift; sourceTree = "<group>"; };
		2CA2B70928A3C6F700ED9598 /* Assets.xcassets */ = {isa = PBXFileReference; lastKnownFileType = folder.assetcatalog; path = Assets.xcassets; sourceTree = "<group>"; };
		2CA2B70C28A3C6F700ED9598 /* Preview Assets.xcassets */ = {isa = PBXFileReference; lastKnownFileType = folder.assetcatalog; path = "Preview Assets.xcassets"; sourceTree = "<group>"; };
		2CA2B71228A3C6F800ED9598 /* CoolBlueChallengeTests.xctest */ = {isa = PBXFileReference; explicitFileType = wrapper.cfbundle; includeInIndex = 0; path = CoolBlueChallengeTests.xctest; sourceTree = BUILT_PRODUCTS_DIR; };
		2CA2B71628A3C6F800ED9598 /* CoolBlueChallengeTests.swift */ = {isa = PBXFileReference; lastKnownFileType = sourcecode.swift; path = CoolBlueChallengeTests.swift; sourceTree = "<group>"; };
		2CA2B71C28A3C6F800ED9598 /* CoolBlueChallengeUITests.xctest */ = {isa = PBXFileReference; explicitFileType = wrapper.cfbundle; includeInIndex = 0; path = CoolBlueChallengeUITests.xctest; sourceTree = BUILT_PRODUCTS_DIR; };
		2CA2B72028A3C6F800ED9598 /* CoolBlueChallengeUITests.swift */ = {isa = PBXFileReference; lastKnownFileType = sourcecode.swift; path = CoolBlueChallengeUITests.swift; sourceTree = "<group>"; };
		2CA2B72228A3C6F800ED9598 /* CoolBlueChallengeUITestsLaunchTests.swift */ = {isa = PBXFileReference; lastKnownFileType = sourcecode.swift; path = CoolBlueChallengeUITestsLaunchTests.swift; sourceTree = "<group>"; };
		2CA2B73828A43C4D00ED9598 /* Double+Extension.swift */ = {isa = PBXFileReference; lastKnownFileType = sourcecode.swift; path = "Double+Extension.swift"; sourceTree = "<group>"; };
		2CA2B73A28A43CA800ED9598 /* Product.swift */ = {isa = PBXFileReference; lastKnownFileType = sourcecode.swift; path = Product.swift; sourceTree = "<group>"; };
		2CA2B74228A4415B00ED9598 /* ProductViewModel.swift */ = {isa = PBXFileReference; fileEncoding = 4; lastKnownFileType = sourcecode.swift; path = ProductViewModel.swift; sourceTree = "<group>"; };
/* End PBXFileReference section */

/* Begin PBXFrameworksBuildPhase section */
		2CA2B6FF28A3C6F600ED9598 /* Frameworks */ = {
			isa = PBXFrameworksBuildPhase;
			buildActionMask = 2147483647;
			files = (
				2CA2B73128A3CC3100ED9598 /* SDWebImageSwiftUI in Frameworks */,
			);
			runOnlyForDeploymentPostprocessing = 0;
		};
		2CA2B70F28A3C6F800ED9598 /* Frameworks */ = {
			isa = PBXFrameworksBuildPhase;
			buildActionMask = 2147483647;
			files = (
			);
			runOnlyForDeploymentPostprocessing = 0;
		};
		2CA2B71928A3C6F800ED9598 /* Frameworks */ = {
			isa = PBXFrameworksBuildPhase;
			buildActionMask = 2147483647;
			files = (
			);
			runOnlyForDeploymentPostprocessing = 0;
		};
/* End PBXFrameworksBuildPhase section */

/* Begin PBXGroup section */
		2CA2B6F928A3C6F600ED9598 = {
			isa = PBXGroup;
			children = (
				2CA2B70428A3C6F600ED9598 /* CoolBlueChallenge */,
				2CA2B71528A3C6F800ED9598 /* CoolBlueChallengeTests */,
				2CA2B71F28A3C6F800ED9598 /* CoolBlueChallengeUITests */,
				2CA2B70328A3C6F600ED9598 /* Products */,
			);
			sourceTree = "<group>";
		};
		2CA2B70328A3C6F600ED9598 /* Products */ = {
			isa = PBXGroup;
			children = (
				2CA2B70228A3C6F600ED9598 /* CoolBlueChallenge.app */,
				2CA2B71228A3C6F800ED9598 /* CoolBlueChallengeTests.xctest */,
				2CA2B71C28A3C6F800ED9598 /* CoolBlueChallengeUITests.xctest */,
			);
			name = Products;
			sourceTree = "<group>";
		};
		2CA2B70428A3C6F600ED9598 /* CoolBlueChallenge */ = {
			isa = PBXGroup;
			children = (
				2CA2B73728A43C3E00ED9598 /* Helper */,
				2CA2B73628A43B9600ED9598 /* Application */,
				2CA2B73528A43B2400ED9598 /* Resource */,
				2CA2B73428A43B1A00ED9598 /* View */,
				2CA2B73328A43B1100ED9598 /* ViewModel */,
				2CA2B73228A43B0B00ED9598 /* Model */,
				2CA2B70B28A3C6F700ED9598 /* Preview Content */,
			);
			path = CoolBlueChallenge;
			sourceTree = "<group>";
		};
		2CA2B70B28A3C6F700ED9598 /* Preview Content */ = {
			isa = PBXGroup;
			children = (
				2CA2B70C28A3C6F700ED9598 /* Preview Assets.xcassets */,
			);
			path = "Preview Content";
			sourceTree = "<group>";
		};
		2CA2B71528A3C6F800ED9598 /* CoolBlueChallengeTests */ = {
			isa = PBXGroup;
			children = (
				2CA2B71628A3C6F800ED9598 /* CoolBlueChallengeTests.swift */,
			);
			path = CoolBlueChallengeTests;
			sourceTree = "<group>";
		};
		2CA2B71F28A3C6F800ED9598 /* CoolBlueChallengeUITests */ = {
			isa = PBXGroup;
			children = (
				2CA2B72028A3C6F800ED9598 /* CoolBlueChallengeUITests.swift */,
				2CA2B72228A3C6F800ED9598 /* CoolBlueChallengeUITestsLaunchTests.swift */,
			);
			path = CoolBlueChallengeUITests;
			sourceTree = "<group>";
		};
		2CA2B73228A43B0B00ED9598 /* Model */ = {
			isa = PBXGroup;
			children = (
				2CA2B73A28A43CA800ED9598 /* Product.swift */,
			);
			path = Model;
			sourceTree = "<group>";
		};
		2CA2B73328A43B1100ED9598 /* ViewModel */ = {
			isa = PBXGroup;
			children = (
				2CA2B74228A4415B00ED9598 /* ProductViewModel.swift */,
			);
			path = ViewModel;
			sourceTree = "<group>";
		};
		2CA2B73428A43B1A00ED9598 /* View */ = {
			isa = PBXGroup;
			children = (
				2CA2B73D28A43FE400ED9598 /* Product */,
				2CA2B73C28A43FD900ED9598 /* Application */,
			);
			path = View;
			sourceTree = "<group>";
		};
		2CA2B73528A43B2400ED9598 /* Resource */ = {
			isa = PBXGroup;
			children = (
				2CA2B70928A3C6F700ED9598 /* Assets.xcassets */,
			);
			path = Resource;
			sourceTree = "<group>";
		};
		2CA2B73628A43B9600ED9598 /* Application */ = {
			isa = PBXGroup;
			children = (
				2CA2B70528A3C6F600ED9598 /* CoolBlueChallengeApp.swift */,
			);
			path = Application;
			sourceTree = "<group>";
		};
		2CA2B73728A43C3E00ED9598 /* Helper */ = {
			isa = PBXGroup;
			children = (
				2CA2B73828A43C4D00ED9598 /* Double+Extension.swift */,
			);
			path = Helper;
			sourceTree = "<group>";
		};
		2CA2B73C28A43FD900ED9598 /* Application */ = {
			isa = PBXGroup;
			children = (
				2CA2B70728A3C6F600ED9598 /* ContentView.swift */,
			);
			path = Application;
			sourceTree = "<group>";
		};
		2CA2B73D28A43FE400ED9598 /* Product */ = {
			isa = PBXGroup;
			children = (
			);
			path = Product;
			sourceTree = "<group>";
		};
/* End PBXGroup section */

/* Begin PBXNativeTarget section */
		2CA2B70128A3C6F600ED9598 /* CoolBlueChallenge */ = {
			isa = PBXNativeTarget;
			buildConfigurationList = 2CA2B72628A3C6F800ED9598 /* Build configuration list for PBXNativeTarget "CoolBlueChallenge" */;
			buildPhases = (
				2CA2B6FE28A3C6F600ED9598 /* Sources */,
				2CA2B6FF28A3C6F600ED9598 /* Frameworks */,
				2CA2B70028A3C6F600ED9598 /* Resources */,
			);
			buildRules = (
			);
			dependencies = (
			);
			name = CoolBlueChallenge;
			packageProductDependencies = (
				2CA2B73028A3CC3100ED9598 /* SDWebImageSwiftUI */,
			);
			productName = CoolBlueChallenge;
			productReference = 2CA2B70228A3C6F600ED9598 /* CoolBlueChallenge.app */;
			productType = "com.apple.product-type.application";
		};
		2CA2B71128A3C6F800ED9598 /* CoolBlueChallengeTests */ = {
			isa = PBXNativeTarget;
			buildConfigurationList = 2CA2B72928A3C6F800ED9598 /* Build configuration list for PBXNativeTarget "CoolBlueChallengeTests" */;
			buildPhases = (
				2CA2B70E28A3C6F800ED9598 /* Sources */,
				2CA2B70F28A3C6F800ED9598 /* Frameworks */,
				2CA2B71028A3C6F800ED9598 /* Resources */,
			);
			buildRules = (
			);
			dependencies = (
				2CA2B71428A3C6F800ED9598 /* PBXTargetDependency */,
			);
			name = CoolBlueChallengeTests;
			productName = CoolBlueChallengeTests;
			productReference = 2CA2B71228A3C6F800ED9598 /* CoolBlueChallengeTests.xctest */;
			productType = "com.apple.product-type.bundle.unit-test";
		};
		2CA2B71B28A3C6F800ED9598 /* CoolBlueChallengeUITests */ = {
			isa = PBXNativeTarget;
			buildConfigurationList = 2CA2B72C28A3C6F800ED9598 /* Build configuration list for PBXNativeTarget "CoolBlueChallengeUITests" */;
			buildPhases = (
				2CA2B71828A3C6F800ED9598 /* Sources */,
				2CA2B71928A3C6F800ED9598 /* Frameworks */,
				2CA2B71A28A3C6F800ED9598 /* Resources */,
			);
			buildRules = (
			);
			dependencies = (
				2CA2B71E28A3C6F800ED9598 /* PBXTargetDependency */,
			);
			name = CoolBlueChallengeUITests;
			productName = CoolBlueChallengeUITests;
			productReference = 2CA2B71C28A3C6F800ED9598 /* CoolBlueChallengeUITests.xctest */;
			productType = "com.apple.product-type.bundle.ui-testing";
		};
/* End PBXNativeTarget section */

/* Begin PBXProject section */
		2CA2B6FA28A3C6F600ED9598 /* Project object */ = {
			isa = PBXProject;
			attributes = {
				BuildIndependentTargetsInParallel = 1;
				LastSwiftUpdateCheck = 1340;
				LastUpgradeCheck = 1340;
				TargetAttributes = {
					2CA2B70128A3C6F600ED9598 = {
						CreatedOnToolsVersion = 13.4.1;
					};
					2CA2B71128A3C6F800ED9598 = {
						CreatedOnToolsVersion = 13.4.1;
						TestTargetID = 2CA2B70128A3C6F600ED9598;
					};
					2CA2B71B28A3C6F800ED9598 = {
						CreatedOnToolsVersion = 13.4.1;
						TestTargetID = 2CA2B70128A3C6F600ED9598;
					};
				};
			};
			buildConfigurationList = 2CA2B6FD28A3C6F600ED9598 /* Build configuration list for PBXProject "CoolBlueChallenge" */;
			compatibilityVersion = "Xcode 13.0";
			developmentRegion = en;
			hasScannedForEncodings = 0;
			knownRegions = (
				en,
				Base,
			);
			mainGroup = 2CA2B6F928A3C6F600ED9598;
			packageReferences = (
				2CA2B72F28A3CC3100ED9598 /* XCRemoteSwiftPackageReference "SDWebImageSwiftUI" */,
			);
			productRefGroup = 2CA2B70328A3C6F600ED9598 /* Products */;
			projectDirPath = "";
			projectRoot = "";
			targets = (
				2CA2B70128A3C6F600ED9598 /* CoolBlueChallenge */,
				2CA2B71128A3C6F800ED9598 /* CoolBlueChallengeTests */,
				2CA2B71B28A3C6F800ED9598 /* CoolBlueChallengeUITests */,
			);
		};
/* End PBXProject section */

/* Begin PBXResourcesBuildPhase section */
		2CA2B70028A3C6F600ED9598 /* Resources */ = {
			isa = PBXResourcesBuildPhase;
			buildActionMask = 2147483647;
			files = (
				2CA2B70D28A3C6F700ED9598 /* Preview Assets.xcassets in Resources */,
				2CA2B70A28A3C6F700ED9598 /* Assets.xcassets in Resources */,
			);
			runOnlyForDeploymentPostprocessing = 0;
		};
		2CA2B71028A3C6F800ED9598 /* Resources */ = {
			isa = PBXResourcesBuildPhase;
			buildActionMask = 2147483647;
			files = (
			);
			runOnlyForDeploymentPostprocessing = 0;
		};
		2CA2B71A28A3C6F800ED9598 /* Resources */ = {
			isa = PBXResourcesBuildPhase;
			buildActionMask = 2147483647;
			files = (
			);
			runOnlyForDeploymentPostprocessing = 0;
		};
/* End PBXResourcesBuildPhase section */

/* Begin PBXSourcesBuildPhase section */
		2CA2B6FE28A3C6F600ED9598 /* Sources */ = {
			isa = PBXSourcesBuildPhase;
			buildActionMask = 2147483647;
			files = (
				2CA2B74328A4415B00ED9598 /* ProductViewModel.swift in Sources */,
				2CA2B70828A3C6F600ED9598 /* ContentView.swift in Sources */,
				2CA2B73B28A43CA800ED9598 /* Product.swift in Sources */,
				2CA2B70628A3C6F600ED9598 /* CoolBlueChallengeApp.swift in Sources */,
				2CA2B73928A43C4D00ED9598 /* Double+Extension.swift in Sources */,
			);
			runOnlyForDeploymentPostprocessing = 0;
		};
		2CA2B70E28A3C6F800ED9598 /* Sources */ = {
			isa = PBXSourcesBuildPhase;
			buildActionMask = 2147483647;
			files = (
				2CA2B71728A3C6F800ED9598 /* CoolBlueChallengeTests.swift in Sources */,
			);
			runOnlyForDeploymentPostprocessing = 0;
		};
		2CA2B71828A3C6F800ED9598 /* Sources */ = {
			isa = PBXSourcesBuildPhase;
			buildActionMask = 2147483647;
			files = (
				2CA2B72128A3C6F800ED9598 /* CoolBlueChallengeUITests.swift in Sources */,
				2CA2B72328A3C6F800ED9598 /* CoolBlueChallengeUITestsLaunchTests.swift in Sources */,
			);
			runOnlyForDeploymentPostprocessing = 0;
		};
/* End PBXSourcesBuildPhase section */

/* Begin PBXTargetDependency section */
		2CA2B71428A3C6F800ED9598 /* PBXTargetDependency */ = {
			isa = PBXTargetDependency;
			target = 2CA2B70128A3C6F600ED9598 /* CoolBlueChallenge */;
			targetProxy = 2CA2B71328A3C6F800ED9598 /* PBXContainerItemProxy */;
		};
		2CA2B71E28A3C6F800ED9598 /* PBXTargetDependency */ = {
			isa = PBXTargetDependency;
			target = 2CA2B70128A3C6F600ED9598 /* CoolBlueChallenge */;
			targetProxy = 2CA2B71D28A3C6F800ED9598 /* PBXContainerItemProxy */;
		};
/* End PBXTargetDependency section */

/* Begin XCBuildConfiguration section */
		2CA2B72428A3C6F800ED9598 /* Debug */ = {
			isa = XCBuildConfiguration;
			buildSettings = {
				ALWAYS_SEARCH_USER_PATHS = NO;
				CLANG_ANALYZER_NONNULL = YES;
				CLANG_ANALYZER_NUMBER_OBJECT_CONVERSION = YES_AGGRESSIVE;
				CLANG_CXX_LANGUAGE_STANDARD = "gnu++17";
				CLANG_ENABLE_MODULES = YES;
				CLANG_ENABLE_OBJC_ARC = YES;
				CLANG_ENABLE_OBJC_WEAK = YES;
				CLANG_WARN_BLOCK_CAPTURE_AUTORELEASING = YES;
				CLANG_WARN_BOOL_CONVERSION = YES;
				CLANG_WARN_COMMA = YES;
				CLANG_WARN_CONSTANT_CONVERSION = YES;
				CLANG_WARN_DEPRECATED_OBJC_IMPLEMENTATIONS = YES;
				CLANG_WARN_DIRECT_OBJC_ISA_USAGE = YES_ERROR;
				CLANG_WARN_DOCUMENTATION_COMMENTS = YES;
				CLANG_WARN_EMPTY_BODY = YES;
				CLANG_WARN_ENUM_CONVERSION = YES;
				CLANG_WARN_INFINITE_RECURSION = YES;
				CLANG_WARN_INT_CONVERSION = YES;
				CLANG_WARN_NON_LITERAL_NULL_CONVERSION = YES;
				CLANG_WARN_OBJC_IMPLICIT_RETAIN_SELF = YES;
				CLANG_WARN_OBJC_LITERAL_CONVERSION = YES;
				CLANG_WARN_OBJC_ROOT_CLASS = YES_ERROR;
				CLANG_WARN_QUOTED_INCLUDE_IN_FRAMEWORK_HEADER = YES;
				CLANG_WARN_RANGE_LOOP_ANALYSIS = YES;
				CLANG_WARN_STRICT_PROTOTYPES = YES;
				CLANG_WARN_SUSPICIOUS_MOVE = YES;
				CLANG_WARN_UNGUARDED_AVAILABILITY = YES_AGGRESSIVE;
				CLANG_WARN_UNREACHABLE_CODE = YES;
				CLANG_WARN__DUPLICATE_METHOD_MATCH = YES;
				COPY_PHASE_STRIP = NO;
				DEBUG_INFORMATION_FORMAT = dwarf;
				ENABLE_STRICT_OBJC_MSGSEND = YES;
				ENABLE_TESTABILITY = YES;
				GCC_C_LANGUAGE_STANDARD = gnu11;
				GCC_DYNAMIC_NO_PIC = NO;
				GCC_NO_COMMON_BLOCKS = YES;
				GCC_OPTIMIZATION_LEVEL = 0;
				GCC_PREPROCESSOR_DEFINITIONS = (
					"DEBUG=1",
					"$(inherited)",
				);
				GCC_WARN_64_TO_32_BIT_CONVERSION = YES;
				GCC_WARN_ABOUT_RETURN_TYPE = YES_ERROR;
				GCC_WARN_UNDECLARED_SELECTOR = YES;
				GCC_WARN_UNINITIALIZED_AUTOS = YES_AGGRESSIVE;
				GCC_WARN_UNUSED_FUNCTION = YES;
				GCC_WARN_UNUSED_VARIABLE = YES;
				IPHONEOS_DEPLOYMENT_TARGET = 15.5;
				MTL_ENABLE_DEBUG_INFO = INCLUDE_SOURCE;
				MTL_FAST_MATH = YES;
				ONLY_ACTIVE_ARCH = YES;
				SDKROOT = iphoneos;
				SWIFT_ACTIVE_COMPILATION_CONDITIONS = DEBUG;
				SWIFT_OPTIMIZATION_LEVEL = "-Onone";
			};
			name = Debug;
		};
		2CA2B72528A3C6F800ED9598 /* Release */ = {
			isa = XCBuildConfiguration;
			buildSettings = {
				ALWAYS_SEARCH_USER_PATHS = NO;
				CLANG_ANALYZER_NONNULL = YES;
				CLANG_ANALYZER_NUMBER_OBJECT_CONVERSION = YES_AGGRESSIVE;
				CLANG_CXX_LANGUAGE_STANDARD = "gnu++17";
				CLANG_ENABLE_MODULES = YES;
				CLANG_ENABLE_OBJC_ARC = YES;
				CLANG_ENABLE_OBJC_WEAK = YES;
				CLANG_WARN_BLOCK_CAPTURE_AUTORELEASING = YES;
				CLANG_WARN_BOOL_CONVERSION = YES;
				CLANG_WARN_COMMA = YES;
				CLANG_WARN_CONSTANT_CONVERSION = YES;
				CLANG_WARN_DEPRECATED_OBJC_IMPLEMENTATIONS = YES;
				CLANG_WARN_DIRECT_OBJC_ISA_USAGE = YES_ERROR;
				CLANG_WARN_DOCUMENTATION_COMMENTS = YES;
				CLANG_WARN_EMPTY_BODY = YES;
				CLANG_WARN_ENUM_CONVERSION = YES;
				CLANG_WARN_INFINITE_RECURSION = YES;
				CLANG_WARN_INT_CONVERSION = YES;
				CLANG_WARN_NON_LITERAL_NULL_CONVERSION = YES;
				CLANG_WARN_OBJC_IMPLICIT_RETAIN_SELF = YES;
				CLANG_WARN_OBJC_LITERAL_CONVERSION = YES;
				CLANG_WARN_OBJC_ROOT_CLASS = YES_ERROR;
				CLANG_WARN_QUOTED_INCLUDE_IN_FRAMEWORK_HEADER = YES;
				CLANG_WARN_RANGE_LOOP_ANALYSIS = YES;
				CLANG_WARN_STRICT_PROTOTYPES = YES;
				CLANG_WARN_SUSPICIOUS_MOVE = YES;
				CLANG_WARN_UNGUARDED_AVAILABILITY = YES_AGGRESSIVE;
				CLANG_WARN_UNREACHABLE_CODE = YES;
				CLANG_WARN__DUPLICATE_METHOD_MATCH = YES;
				COPY_PHASE_STRIP = NO;
				DEBUG_INFORMATION_FORMAT = "dwarf-with-dsym";
				ENABLE_NS_ASSERTIONS = NO;
				ENABLE_STRICT_OBJC_MSGSEND = YES;
				GCC_C_LANGUAGE_STANDARD = gnu11;
				GCC_NO_COMMON_BLOCKS = YES;
				GCC_WARN_64_TO_32_BIT_CONVERSION = YES;
				GCC_WARN_ABOUT_RETURN_TYPE = YES_ERROR;
				GCC_WARN_UNDECLARED_SELECTOR = YES;
				GCC_WARN_UNINITIALIZED_AUTOS = YES_AGGRESSIVE;
				GCC_WARN_UNUSED_FUNCTION = YES;
				GCC_WARN_UNUSED_VARIABLE = YES;
				IPHONEOS_DEPLOYMENT_TARGET = 15.5;
				MTL_ENABLE_DEBUG_INFO = NO;
				MTL_FAST_MATH = YES;
				SDKROOT = iphoneos;
				SWIFT_COMPILATION_MODE = wholemodule;
				SWIFT_OPTIMIZATION_LEVEL = "-O";
				VALIDATE_PRODUCT = YES;
			};
			name = Release;
		};
		2CA2B72728A3C6F800ED9598 /* Debug */ = {
			isa = XCBuildConfiguration;
			buildSettings = {
				ASSETCATALOG_COMPILER_APPICON_NAME = AppIcon;
				ASSETCATALOG_COMPILER_GLOBAL_ACCENT_COLOR_NAME = AccentColor;
				CODE_SIGN_STYLE = Automatic;
				CURRENT_PROJECT_VERSION = 1;
				DEVELOPMENT_ASSET_PATHS = "\"CoolBlueChallenge/Preview Content\"";
				DEVELOPMENT_TEAM = CNZQML8WFZ;
				ENABLE_PREVIEWS = YES;
				GENERATE_INFOPLIST_FILE = YES;
				INFOPLIST_KEY_UIApplicationSceneManifest_Generation = YES;
				INFOPLIST_KEY_UIApplicationSupportsIndirectInputEvents = YES;
				INFOPLIST_KEY_UILaunchScreen_Generation = YES;
				INFOPLIST_KEY_UISupportedInterfaceOrientations_iPad = "UIInterfaceOrientationPortrait UIInterfaceOrientationPortraitUpsideDown UIInterfaceOrientationLandscapeLeft UIInterfaceOrientationLandscapeRight";
				INFOPLIST_KEY_UISupportedInterfaceOrientations_iPhone = "UIInterfaceOrientationPortrait UIInterfaceOrientationLandscapeLeft UIInterfaceOrientationLandscapeRight";
				LD_RUNPATH_SEARCH_PATHS = (
					"$(inherited)",
					"@executable_path/Frameworks",
				);
				MARKETING_VERSION = 1.0;
				PRODUCT_BUNDLE_IDENTIFIER = nl.coolblue.CoolBlueChallenge;
				PRODUCT_NAME = "$(TARGET_NAME)";
				SWIFT_EMIT_LOC_STRINGS = YES;
				SWIFT_VERSION = 5.0;
				TARGETED_DEVICE_FAMILY = "1,2";
			};
			name = Debug;
		};
		2CA2B72828A3C6F800ED9598 /* Release */ = {
			isa = XCBuildConfiguration;
			buildSettings = {
				ASSETCATALOG_COMPILER_APPICON_NAME = AppIcon;
				ASSETCATALOG_COMPILER_GLOBAL_ACCENT_COLOR_NAME = AccentColor;
				CODE_SIGN_STYLE = Automatic;
				CURRENT_PROJECT_VERSION = 1;
				DEVELOPMENT_ASSET_PATHS = "\"CoolBlueChallenge/Preview Content\"";
				DEVELOPMENT_TEAM = CNZQML8WFZ;
				ENABLE_PREVIEWS = YES;
				GENERATE_INFOPLIST_FILE = YES;
				INFOPLIST_KEY_UIApplicationSceneManifest_Generation = YES;
				INFOPLIST_KEY_UIApplicationSupportsIndirectInputEvents = YES;
				INFOPLIST_KEY_UILaunchScreen_Generation = YES;
				INFOPLIST_KEY_UISupportedInterfaceOrientations_iPad = "UIInterfaceOrientationPortrait UIInterfaceOrientationPortraitUpsideDown UIInterfaceOrientationLandscapeLeft UIInterfaceOrientationLandscapeRight";
				INFOPLIST_KEY_UISupportedInterfaceOrientations_iPhone = "UIInterfaceOrientationPortrait UIInterfaceOrientationLandscapeLeft UIInterfaceOrientationLandscapeRight";
				LD_RUNPATH_SEARCH_PATHS = (
					"$(inherited)",
					"@executable_path/Frameworks",
				);
				MARKETING_VERSION = 1.0;
				PRODUCT_BUNDLE_IDENTIFIER = nl.coolblue.CoolBlueChallenge;
				PRODUCT_NAME = "$(TARGET_NAME)";
				SWIFT_EMIT_LOC_STRINGS = YES;
				SWIFT_VERSION = 5.0;
				TARGETED_DEVICE_FAMILY = "1,2";
			};
			name = Release;
		};
		2CA2B72A28A3C6F800ED9598 /* Debug */ = {
			isa = XCBuildConfiguration;
			buildSettings = {
				ALWAYS_EMBED_SWIFT_STANDARD_LIBRARIES = YES;
				BUNDLE_LOADER = "$(TEST_HOST)";
				CODE_SIGN_STYLE = Automatic;
				CURRENT_PROJECT_VERSION = 1;
				DEVELOPMENT_TEAM = CNZQML8WFZ;
				GENERATE_INFOPLIST_FILE = YES;
				IPHONEOS_DEPLOYMENT_TARGET = 15.5;
				MARKETING_VERSION = 1.0;
				PRODUCT_BUNDLE_IDENTIFIER = nl.coolblue.CoolBlueChallengeTests;
				PRODUCT_NAME = "$(TARGET_NAME)";
				SWIFT_EMIT_LOC_STRINGS = NO;
				SWIFT_VERSION = 5.0;
				TARGETED_DEVICE_FAMILY = "1,2";
				TEST_HOST = "$(BUILT_PRODUCTS_DIR)/CoolBlueChallenge.app/CoolBlueChallenge";
			};
			name = Debug;
		};
		2CA2B72B28A3C6F800ED9598 /* Release */ = {
			isa = XCBuildConfiguration;
			buildSettings = {
				ALWAYS_EMBED_SWIFT_STANDARD_LIBRARIES = YES;
				BUNDLE_LOADER = "$(TEST_HOST)";
				CODE_SIGN_STYLE = Automatic;
				CURRENT_PROJECT_VERSION = 1;
				DEVELOPMENT_TEAM = CNZQML8WFZ;
				GENERATE_INFOPLIST_FILE = YES;
				IPHONEOS_DEPLOYMENT_TARGET = 15.5;
				MARKETING_VERSION = 1.0;
				PRODUCT_BUNDLE_IDENTIFIER = nl.coolblue.CoolBlueChallengeTests;
				PRODUCT_NAME = "$(TARGET_NAME)";
				SWIFT_EMIT_LOC_STRINGS = NO;
				SWIFT_VERSION = 5.0;
				TARGETED_DEVICE_FAMILY = "1,2";
				TEST_HOST = "$(BUILT_PRODUCTS_DIR)/CoolBlueChallenge.app/CoolBlueChallenge";
			};
			name = Release;
		};
		2CA2B72D28A3C6F800ED9598 /* Debug */ = {
			isa = XCBuildConfiguration;
			buildSettings = {
				ALWAYS_EMBED_SWIFT_STANDARD_LIBRARIES = YES;
				CODE_SIGN_STYLE = Automatic;
				CURRENT_PROJECT_VERSION = 1;
				DEVELOPMENT_TEAM = CNZQML8WFZ;
				GENERATE_INFOPLIST_FILE = YES;
				MARKETING_VERSION = 1.0;
				PRODUCT_BUNDLE_IDENTIFIER = nl.coolblue.CoolBlueChallengeUITests;
				PRODUCT_NAME = "$(TARGET_NAME)";
				SWIFT_EMIT_LOC_STRINGS = NO;
				SWIFT_VERSION = 5.0;
				TARGETED_DEVICE_FAMILY = "1,2";
				TEST_TARGET_NAME = CoolBlueChallenge;
			};
			name = Debug;
		};
		2CA2B72E28A3C6F800ED9598 /* Release */ = {
			isa = XCBuildConfiguration;
			buildSettings = {
				ALWAYS_EMBED_SWIFT_STANDARD_LIBRARIES = YES;
				CODE_SIGN_STYLE = Automatic;
				CURRENT_PROJECT_VERSION = 1;
				DEVELOPMENT_TEAM = CNZQML8WFZ;
				GENERATE_INFOPLIST_FILE = YES;
				MARKETING_VERSION = 1.0;
				PRODUCT_BUNDLE_IDENTIFIER = nl.coolblue.CoolBlueChallengeUITests;
				PRODUCT_NAME = "$(TARGET_NAME)";
				SWIFT_EMIT_LOC_STRINGS = NO;
				SWIFT_VERSION = 5.0;
				TARGETED_DEVICE_FAMILY = "1,2";
				TEST_TARGET_NAME = CoolBlueChallenge;
			};
			name = Release;
		};
/* End XCBuildConfiguration section */

/* Begin XCConfigurationList section */
		2CA2B6FD28A3C6F600ED9598 /* Build configuration list for PBXProject "CoolBlueChallenge" */ = {
			isa = XCConfigurationList;
			buildConfigurations = (
				2CA2B72428A3C6F800ED9598 /* Debug */,
				2CA2B72528A3C6F800ED9598 /* Release */,
			);
			defaultConfigurationIsVisible = 0;
			defaultConfigurationName = Release;
		};
		2CA2B72628A3C6F800ED9598 /* Build configuration list for PBXNativeTarget "CoolBlueChallenge" */ = {
			isa = XCConfigurationList;
			buildConfigurations = (
				2CA2B72728A3C6F800ED9598 /* Debug */,
				2CA2B72828A3C6F800ED9598 /* Release */,
			);
			defaultConfigurationIsVisible = 0;
			defaultConfigurationName = Release;
		};
		2CA2B72928A3C6F800ED9598 /* Build configuration list for PBXNativeTarget "CoolBlueChallengeTests" */ = {
			isa = XCConfigurationList;
			buildConfigurations = (
				2CA2B72A28A3C6F800ED9598 /* Debug */,
				2CA2B72B28A3C6F800ED9598 /* Release */,
			);
			defaultConfigurationIsVisible = 0;
			defaultConfigurationName = Release;
		};
		2CA2B72C28A3C6F800ED9598 /* Build configuration list for PBXNativeTarget "CoolBlueChallengeUITests" */ = {
			isa = XCConfigurationList;
			buildConfigurations = (
				2CA2B72D28A3C6F800ED9598 /* Debug */,
				2CA2B72E28A3C6F800ED9598 /* Release */,
			);
			defaultConfigurationIsVisible = 0;
			defaultConfigurationName = Release;
		};
/* End XCConfigurationList section */

/* Begin XCRemoteSwiftPackageReference section */
		2CA2B72F28A3CC3100ED9598 /* XCRemoteSwiftPackageReference "SDWebImageSwiftUI" */ = {
			isa = XCRemoteSwiftPackageReference;
			repositoryURL = "https://github.com/SDWebImage/SDWebImageSwiftUI.git";
			requirement = {
				branch = master;
				kind = branch;
			};
		};
/* End XCRemoteSwiftPackageReference section */

/* Begin XCSwiftPackageProductDependency section */
		2CA2B73028A3CC3100ED9598 /* SDWebImageSwiftUI */ = {
			isa = XCSwiftPackageProductDependency;
			package = 2CA2B72F28A3CC3100ED9598 /* XCRemoteSwiftPackageReference "SDWebImageSwiftUI" */;
			productName = SDWebImageSwiftUI;
		};
/* End XCSwiftPackageProductDependency section */
	};
	rootObject = 2CA2B6FA28A3C6F600ED9598 /* Project object */;
}
